// !$*UTF8*$!
{
	archiveVersion = 1;
	classes = {
	};
	objectVersion = 77;
	objects = {

/* Begin PBXContainerItemProxy section */
		67EE7BED2E2B33BC00BAEA81 /* PBXContainerItemProxy */ = {
			isa = PBXContainerItemProxy;
			containerPortal = 67EE7BD62E2B33BB00BAEA81 /* Project object */;
			proxyType = 1;
			remoteGlobalIDString = 67EE7BDD2E2B33BB00BAEA81;
			remoteInfo = sololeveler;
		};
		67EE7BF72E2B33BC00BAEA81 /* PBXContainerItemProxy */ = {
			isa = PBXContainerItemProxy;
			containerPortal = 67EE7BD62E2B33BB00BAEA81 /* Project object */;
			proxyType = 1;
			remoteGlobalIDString = 67EE7BDD2E2B33BB00BAEA81;
			remoteInfo = sololeveler;
		};
/* End PBXContainerItemProxy section */

/* Begin PBXFileReference section */
		67EE7BDE2E2B33BB00BAEA81 /* sololeveler.app */ = {isa = PBXFileReference; explicitFileType = wrapper.application; includeInIndex = 0; path = sololeveler.app; sourceTree = BUILT_PRODUCTS_DIR; };
		67EE7BEC2E2B33BC00BAEA81 /* sololevelerTests.xctest */ = {isa = PBXFileReference; explicitFileType = wrapper.cfbundle; includeInIndex = 0; path = sololevelerTests.xctest; sourceTree = BUILT_PRODUCTS_DIR; };
		67EE7BF62E2B33BC00BAEA81 /* sololevelerUITests.xctest */ = {isa = PBXFileReference; explicitFileType = wrapper.cfbundle; includeInIndex = 0; path = sololevelerUITests.xctest; sourceTree = BUILT_PRODUCTS_DIR; };
/* End PBXFileReference section */

/* Begin PBXFileSystemSynchronizedRootGroup section */
		67EE7BE02E2B33BB00BAEA81 /* sololeveler */ = {
			isa = PBXFileSystemSynchronizedRootGroup;
			path = sololeveler;
			sourceTree = "<group>";
		};
		67EE7BEF2E2B33BC00BAEA81 /* sololevelerTests */ = {
			isa = PBXFileSystemSynchronizedRootGroup;
			path = sololevelerTests;
			sourceTree = "<group>";
		};
		67EE7BF92E2B33BC00BAEA81 /* sololevelerUITests */ = {
			isa = PBXFileSystemSynchronizedRootGroup;
			path = sololevelerUITests;
			sourceTree = "<group>";
		};
/* End PBXFileSystemSynchronizedRootGroup section */

/* Begin PBXFrameworksBuildPhase section */
		67EE7BDB2E2B33BB00BAEA81 /* Frameworks */ = {
			isa = PBXFrameworksBuildPhase;
			buildActionMask = 2147483647;
			files = (
			);
			runOnlyForDeploymentPostprocessing = 0;
		};
		67EE7BE92E2B33BC00BAEA81 /* Frameworks */ = {
			isa = PBXFrameworksBuildPhase;
			buildActionMask = 2147483647;
			files = (
			);
			runOnlyForDeploymentPostprocessing = 0;
		};
		67EE7BF32E2B33BC00BAEA81 /* Frameworks */ = {
			isa = PBXFrameworksBuildPhase;
			buildActionMask = 2147483647;
			files = (
			);
			runOnlyForDeploymentPostprocessing = 0;
		};
/* End PBXFrameworksBuildPhase section */

/* Begin PBXGroup section */
		67EE7BD52E2B33BB00BAEA81 = {
			isa = PBXGroup;
			children = (
				67EE7BE02E2B33BB00BAEA81 /* sololeveler */,
				67EE7BEF2E2B33BC00BAEA81 /* sololevelerTests */,
				67EE7BF92E2B33BC00BAEA81 /* sololevelerUITests */,
				67EE7BDF2E2B33BB00BAEA81 /* Products */,
			);
			sourceTree = "<group>";
		};
		67EE7BDF2E2B33BB00BAEA81 /* Products */ = {
			isa = PBXGroup;
			children = (
				67EE7BDE2E2B33BB00BAEA81 /* sololeveler.app */,
				67EE7BEC2E2B33BC00BAEA81 /* sololevelerTests.xctest */,
				67EE7BF62E2B33BC00BAEA81 /* sololevelerUITests.xctest */,
			);
			name = Products;
			sourceTree = "<group>";
		};
/* End PBXGroup section */

/* Begin PBXNativeTarget section */
		67EE7BDD2E2B33BB00BAEA81 /* sololeveler */ = {
			isa = PBXNativeTarget;
			buildConfigurationList = 67EE7C002E2B33BC00BAEA81 /* Build configuration list for PBXNativeTarget "sololeveler" */;
			buildPhases = (
				67EE7BDA2E2B33BB00BAEA81 /* Sources */,
				67EE7BDB2E2B33BB00BAEA81 /* Frameworks */,
				67EE7BDC2E2B33BB00BAEA81 /* Resources */,
			);
			buildRules = (
			);
			dependencies = (
			);
			fileSystemSynchronizedGroups = (
				67EE7BE02E2B33BB00BAEA81 /* sololeveler */,
			);
			name = sololeveler;
			packageProductDependencies = (
			);
			productName = sololeveler;
			productReference = 67EE7BDE2E2B33BB00BAEA81 /* sololeveler.app */;
			productType = "com.apple.product-type.application";
		};
		67EE7BEB2E2B33BC00BAEA81 /* sololevelerTests */ = {
			isa = PBXNativeTarget;
			buildConfigurationList = 67EE7C032E2B33BC00BAEA81 /* Build configuration list for PBXNativeTarget "sololevelerTests" */;
			buildPhases = (
				67EE7BE82E2B33BC00BAEA81 /* Sources */,
				67EE7BE92E2B33BC00BAEA81 /* Frameworks */,
				67EE7BEA2E2B33BC00BAEA81 /* Resources */,
			);
			buildRules = (
			);
			dependencies = (
				67EE7BEE2E2B33BC00BAEA81 /* PBXTargetDependency */,
			);
			fileSystemSynchronizedGroups = (
				67EE7BEF2E2B33BC00BAEA81 /* sololevelerTests */,
			);
			name = sololevelerTests;
			packageProductDependencies = (
			);
			productName = sololevelerTests;
			productReference = 67EE7BEC2E2B33BC00BAEA81 /* sololevelerTests.xctest */;
			productType = "com.apple.product-type.bundle.unit-test";
		};
		67EE7BF52E2B33BC00BAEA81 /* sololevelerUITests */ = {
			isa = PBXNativeTarget;
			buildConfigurationList = 67EE7C062E2B33BC00BAEA81 /* Build configuration list for PBXNativeTarget "sololevelerUITests" */;
			buildPhases = (
				67EE7BF22E2B33BC00BAEA81 /* Sources */,
				67EE7BF32E2B33BC00BAEA81 /* Frameworks */,
				67EE7BF42E2B33BC00BAEA81 /* Resources */,
			);
			buildRules = (
			);
			dependencies = (
				67EE7BF82E2B33BC00BAEA81 /* PBXTargetDependency */,
			);
			fileSystemSynchronizedGroups = (
				67EE7BF92E2B33BC00BAEA81 /* sololevelerUITests */,
			);
			name = sololevelerUITests;
			packageProductDependencies = (
			);
			productName = sololevelerUITests;
			productReference = 67EE7BF62E2B33BC00BAEA81 /* sololevelerUITests.xctest */;
			productType = "com.apple.product-type.bundle.ui-testing";
		};
/* End PBXNativeTarget section */

/* Begin PBXProject section */
		67EE7BD62E2B33BB00BAEA81 /* Project object */ = {
			isa = PBXProject;
			attributes = {
				BuildIndependentTargetsInParallel = 1;
				LastSwiftUpdateCheck = 1640;
				LastUpgradeCheck = 1640;
				TargetAttributes = {
					67EE7BDD2E2B33BB00BAEA81 = {
						CreatedOnToolsVersion = 16.4;
					};
					67EE7BEB2E2B33BC00BAEA81 = {
						CreatedOnToolsVersion = 16.4;
						TestTargetID = 67EE7BDD2E2B33BB00BAEA81;
					};
					67EE7BF52E2B33BC00BAEA81 = {
						CreatedOnToolsVersion = 16.4;
						TestTargetID = 67EE7BDD2E2B33BB00BAEA81;
					};
				};
			};
			buildConfigurationList = 67EE7BD92E2B33BB00BAEA81 /* Build configuration list for PBXProject "sololeveler" */;
			developmentRegion = en;
			hasScannedForEncodings = 0;
			knownRegions = (
				en,
				Base,
			);
			mainGroup = 67EE7BD52E2B33BB00BAEA81;
			minimizedProjectReferenceProxies = 1;
			preferredProjectObjectVersion = 77;
			productRefGroup = 67EE7BDF2E2B33BB00BAEA81 /* Products */;
			projectDirPath = "";
			projectRoot = "";
			targets = (
				67EE7BDD2E2B33BB00BAEA81 /* sololeveler */,
				67EE7BEB2E2B33BC00BAEA81 /* sololevelerTests */,
				67EE7BF52E2B33BC00BAEA81 /* sololevelerUITests */,
			);
		};
/* End PBXProject section */

/* Begin PBXResourcesBuildPhase section */
		67EE7BDC2E2B33BB00BAEA81 /* Resources */ = {
			isa = PBXResourcesBuildPhase;
			buildActionMask = 2147483647;
			files = (
			);
			runOnlyForDeploymentPostprocessing = 0;
		};
		67EE7BEA2E2B33BC00BAEA81 /* Resources */ = {
			isa = PBXResourcesBuildPhase;
			buildActionMask = 2147483647;
			files = (
			);
			runOnlyForDeploymentPostprocessing = 0;
		};
		67EE7BF42E2B33BC00BAEA81 /* Resources */ = {
			isa = PBXResourcesBuildPhase;
			buildActionMask = 2147483647;
			files = (
			);
			runOnlyForDeploymentPostprocessing = 0;
		};
/* End PBXResourcesBuildPhase section */

/* Begin PBXSourcesBuildPhase section */
		67EE7BDA2E2B33BB00BAEA81 /* Sources */ = {
			isa = PBXSourcesBuildPhase;
			buildActionMask = 2147483647;
			files = (
			);
			runOnlyForDeploymentPostprocessing = 0;
		};
		67EE7BE82E2B33BC00BAEA81 /* Sources */ = {
			isa = PBXSourcesBuildPhase;
			buildActionMask = 2147483647;
			files = (
			);
			runOnlyForDeploymentPostprocessing = 0;
		};
		67EE7BF22E2B33BC00BAEA81 /* Sources */ = {
			isa = PBXSourcesBuildPhase;
			buildActionMask = 2147483647;
			files = (
			);
			runOnlyForDeploymentPostprocessing = 0;
		};
/* End PBXSourcesBuildPhase section */

/* Begin PBXTargetDependency section */
		67EE7BEE2E2B33BC00BAEA81 /* PBXTargetDependency */ = {
			isa = PBXTargetDependency;
			target = 67EE7BDD2E2B33BB00BAEA81 /* sololeveler */;
			targetProxy = 67EE7BED2E2B33BC00BAEA81 /* PBXContainerItemProxy */;
		};
		67EE7BF82E2B33BC00BAEA81 /* PBXTargetDependency */ = {
			isa = PBXTargetDependency;
			target = 67EE7BDD2E2B33BB00BAEA81 /* sololeveler */;
			targetProxy = 67EE7BF72E2B33BC00BAEA81 /* PBXContainerItemProxy */;
		};
/* End PBXTargetDependency section */

/* Begin XCBuildConfiguration section */
		67EE7BFE2E2B33BC00BAEA81 /* Debug */ = {
			isa = XCBuildConfiguration;
			buildSettings = {
				ALWAYS_SEARCH_USER_PATHS = NO;
				ASSETCATALOG_COMPILER_GENERATE_SWIFT_ASSET_SYMBOL_EXTENSIONS = YES;
				CLANG_ANALYZER_NONNULL = YES;
				CLANG_ANALYZER_NUMBER_OBJECT_CONVERSION = YES_AGGRESSIVE;
				CLANG_CXX_LANGUAGE_STANDARD = "gnu++20";
				CLANG_ENABLE_MODULES = YES;
				CLANG_ENABLE_OBJC_ARC = YES;
				CLANG_ENABLE_OBJC_WEAK = YES;
				CLANG_WARN_BLOCK_CAPTURE_AUTORELEASING = YES;
				CLANG_WARN_BOOL_CONVERSION = YES;
				CLANG_WARN_COMMA = YES;
				CLANG_WARN_CONSTANT_CONVERSION = YES;
				CLANG_WARN_DEPRECATED_OBJC_IMPLEMENTATIONS = YES;
				CLANG_WARN_DIRECT_OBJC_ISA_USAGE = YES_ERROR;
				CLANG_WARN_DOCUMENTATION_COMMENTS = YES;
				CLANG_WARN_EMPTY_BODY = YES;
				CLANG_WARN_ENUM_CONVERSION = YES;
				CLANG_WARN_INFINITE_RECURSION = YES;
				CLANG_WARN_INT_CONVERSION = YES;
				CLANG_WARN_NON_LITERAL_NULL_CONVERSION = YES;
				CLANG_WARN_OBJC_IMPLICIT_RETAIN_SELF = YES;
				CLANG_WARN_OBJC_LITERAL_CONVERSION = YES;
				CLANG_WARN_OBJC_ROOT_CLASS = YES_ERROR;
				CLANG_WARN_QUOTED_INCLUDE_IN_FRAMEWORK_HEADER = YES;
				CLANG_WARN_RANGE_LOOP_ANALYSIS = YES;
				CLANG_WARN_STRICT_PROTOTYPES = YES;
				CLANG_WARN_SUSPICIOUS_MOVE = YES;
				CLANG_WARN_UNGUARDED_AVAILABILITY = YES_AGGRESSIVE;
				CLANG_WARN_UNREACHABLE_CODE = YES;
				CLANG_WARN__DUPLICATE_METHOD_MATCH = YES;
				COPY_PHASE_STRIP = NO;
				DEBUG_INFORMATION_FORMAT = dwarf;
				ENABLE_STRICT_OBJC_MSGSEND = YES;
				ENABLE_TESTABILITY = YES;
				ENABLE_USER_SCRIPT_SANDBOXING = YES;
				GCC_C_LANGUAGE_STANDARD = gnu17;
				GCC_DYNAMIC_NO_PIC = NO;
				GCC_NO_COMMON_BLOCKS = YES;
				GCC_OPTIMIZATION_LEVEL = 0;
				GCC_PREPROCESSOR_DEFINITIONS = (
					"DEBUG=1",
					"$(inherited)",
				);
				GCC_WARN_64_TO_32_BIT_CONVERSION = YES;
				GCC_WARN_ABOUT_RETURN_TYPE = YES_ERROR;
				GCC_WARN_UNDECLARED_SELECTOR = YES;
				GCC_WARN_UNINITIALIZED_AUTOS = YES_AGGRESSIVE;
				GCC_WARN_UNUSED_FUNCTION = YES;
				GCC_WARN_UNUSED_VARIABLE = YES;
				LOCALIZATION_PREFERS_STRING_CATALOGS = YES;
				MACOSX_DEPLOYMENT_TARGET = 15.5;
				MTL_ENABLE_DEBUG_INFO = INCLUDE_SOURCE;
				MTL_FAST_MATH = YES;
				ONLY_ACTIVE_ARCH = YES;
				SDKROOT = macosx;
				SWIFT_ACTIVE_COMPILATION_CONDITIONS = "DEBUG $(inherited)";
				SWIFT_OPTIMIZATION_LEVEL = "-Onone";
			};
			name = Debug;
		};
		67EE7BFF2E2B33BC00BAEA81 /* Release */ = {
			isa = XCBuildConfiguration;
			buildSettings = {
				ALWAYS_SEARCH_USER_PATHS = NO;
				ASSETCATALOG_COMPILER_GENERATE_SWIFT_ASSET_SYMBOL_EXTENSIONS = YES;
				CLANG_ANALYZER_NONNULL = YES;
				CLANG_ANALYZER_NUMBER_OBJECT_CONVERSION = YES_AGGRESSIVE;
				CLANG_CXX_LANGUAGE_STANDARD = "gnu++20";
				CLANG_ENABLE_MODULES = YES;
				CLANG_ENABLE_OBJC_ARC = YES;
				CLANG_ENABLE_OBJC_WEAK = YES;
				CLANG_WARN_BLOCK_CAPTURE_AUTORELEASING = YES;
				CLANG_WARN_BOOL_CONVERSION = YES;
				CLANG_WARN_COMMA = YES;
				CLANG_WARN_CONSTANT_CONVERSION = YES;
				CLANG_WARN_DEPRECATED_OBJC_IMPLEMENTATIONS = YES;
				CLANG_WARN_DIRECT_OBJC_ISA_USAGE = YES_ERROR;
				CLANG_WARN_DOCUMENTATION_COMMENTS = YES;
				CLANG_WARN_EMPTY_BODY = YES;
				CLANG_WARN_ENUM_CONVERSION = YES;
				CLANG_WARN_INFINITE_RECURSION = YES;
				CLANG_WARN_INT_CONVERSION = YES;
				CLANG_WARN_NON_LITERAL_NULL_CONVERSION = YES;
				CLANG_WARN_OBJC_IMPLICIT_RETAIN_SELF = YES;
				CLANG_WARN_OBJC_LITERAL_CONVERSION = YES;
				CLANG_WARN_OBJC_ROOT_CLASS = YES_ERROR;
				CLANG_WARN_QUOTED_INCLUDE_IN_FRAMEWORK_HEADER = YES;
				CLANG_WARN_RANGE_LOOP_ANALYSIS = YES;
				CLANG_WARN_STRICT_PROTOTYPES = YES;
				CLANG_WARN_SUSPICIOUS_MOVE = YES;
				CLANG_WARN_UNGUARDED_AVAILABILITY = YES_AGGRESSIVE;
				CLANG_WARN_UNREACHABLE_CODE = YES;
				CLANG_WARN__DUPLICATE_METHOD_MATCH = YES;
				COPY_PHASE_STRIP = NO;
				DEBUG_INFORMATION_FORMAT = "dwarf-with-dsym";
				ENABLE_NS_ASSERTIONS = NO;
				ENABLE_STRICT_OBJC_MSGSEND = YES;
				ENABLE_USER_SCRIPT_SANDBOXING = YES;
				GCC_C_LANGUAGE_STANDARD = gnu17;
				GCC_NO_COMMON_BLOCKS = YES;
				GCC_WARN_64_TO_32_BIT_CONVERSION = YES;
				GCC_WARN_ABOUT_RETURN_TYPE = YES_ERROR;
				GCC_WARN_UNDECLARED_SELECTOR = YES;
				GCC_WARN_UNINITIALIZED_AUTOS = YES_AGGRESSIVE;
				GCC_WARN_UNUSED_FUNCTION = YES;
				GCC_WARN_UNUSED_VARIABLE = YES;
				LOCALIZATION_PREFERS_STRING_CATALOGS = YES;
				MACOSX_DEPLOYMENT_TARGET = 15.5;
				MTL_ENABLE_DEBUG_INFO = NO;
				MTL_FAST_MATH = YES;
				SDKROOT = macosx;
				SWIFT_COMPILATION_MODE = wholemodule;
			};
			name = Release;
		};
		67EE7C012E2B33BC00BAEA81 /* Debug */ = {
			isa = XCBuildConfiguration;
			buildSettings = {
				ASSETCATALOG_COMPILER_APPICON_NAME = AppIcon;
				ASSETCATALOG_COMPILER_GLOBAL_ACCENT_COLOR_NAME = AccentColor;
				CODE_SIGN_ENTITLEMENTS = sololeveler/sololeveler.entitlements;
				CODE_SIGN_STYLE = Automatic;
				COMBINE_HIDPI_IMAGES = YES;
				CURRENT_PROJECT_VERSION = 1;
				ENABLE_PREVIEWS = YES;
				GENERATE_INFOPLIST_FILE = YES;
				INFOPLIST_KEY_NSHumanReadableCopyright = "";
				LD_RUNPATH_SEARCH_PATHS = (
					"$(inherited)",
					"@executable_path/../Frameworks",
				);
				MARKETING_VERSION = 1.0;
				PRODUCT_BUNDLE_IDENTIFIER = com.joeykim.sololeveler;
				PRODUCT_NAME = "$(TARGET_NAME)";
				REGISTER_APP_GROUPS = YES;
				SWIFT_EMIT_LOC_STRINGS = YES;
				SWIFT_VERSION = 5.0;
			};
			name = Debug;
		};
		67EE7C022E2B33BC00BAEA81 /* Release */ = {
			isa = XCBuildConfiguration;
			buildSettings = {
				ASSETCATALOG_COMPILER_APPICON_NAME = AppIcon;
				ASSETCATALOG_COMPILER_GLOBAL_ACCENT_COLOR_NAME = AccentColor;
				CODE_SIGN_ENTITLEMENTS = sololeveler/sololeveler.entitlements;
				CODE_SIGN_STYLE = Automatic;
				COMBINE_HIDPI_IMAGES = YES;
				CURRENT_PROJECT_VERSION = 1;
				ENABLE_PREVIEWS = YES;
				GENERATE_INFOPLIST_FILE = YES;
				INFOPLIST_KEY_NSHumanReadableCopyright = "";
				LD_RUNPATH_SEARCH_PATHS = (
					"$(inherited)",
					"@executable_path/../Frameworks",
				);
				MARKETING_VERSION = 1.0;
				PRODUCT_BUNDLE_IDENTIFIER = com.joeykim.sololeveler;
				PRODUCT_NAME = "$(TARGET_NAME)";
				REGISTER_APP_GROUPS = YES;
				SWIFT_EMIT_LOC_STRINGS = YES;
				SWIFT_VERSION = 5.0;
			};
			name = Release;
		};
		67EE7C042E2B33BC00BAEA81 /* Debug */ = {
			isa = XCBuildConfiguration;
			buildSettings = {
				BUNDLE_LOADER = "$(TEST_HOST)";
				CODE_SIGN_STYLE = Automatic;
				CURRENT_PROJECT_VERSION = 1;
				GENERATE_INFOPLIST_FILE = YES;
				MACOSX_DEPLOYMENT_TARGET = 15.5;
				MARKETING_VERSION = 1.0;
				PRODUCT_BUNDLE_IDENTIFIER = com.joeykim.sololevelerTests;
				PRODUCT_NAME = "$(TARGET_NAME)";
				SWIFT_EMIT_LOC_STRINGS = NO;
				SWIFT_VERSION = 5.0;
				TEST_HOST = "$(BUILT_PRODUCTS_DIR)/sololeveler.app/$(BUNDLE_EXECUTABLE_FOLDER_PATH)/sololeveler";
			};
			name = Debug;
		};
		67EE7C052E2B33BC00BAEA81 /* Release */ = {
			isa = XCBuildConfiguration;
			buildSettings = {
				BUNDLE_LOADER = "$(TEST_HOST)";
				CODE_SIGN_STYLE = Automatic;
				CURRENT_PROJECT_VERSION = 1;
				GENERATE_INFOPLIST_FILE = YES;
				MACOSX_DEPLOYMENT_TARGET = 15.5;
				MARKETING_VERSION = 1.0;
				PRODUCT_BUNDLE_IDENTIFIER = com.joeykim.sololevelerTests;
				PRODUCT_NAME = "$(TARGET_NAME)";
				SWIFT_EMIT_LOC_STRINGS = NO;
				SWIFT_VERSION = 5.0;
				TEST_HOST = "$(BUILT_PRODUCTS_DIR)/sololeveler.app/$(BUNDLE_EXECUTABLE_FOLDER_PATH)/sololeveler";
			};
			name = Release;
		};
		67EE7C072E2B33BC00BAEA81 /* Debug */ = {
			isa = XCBuildConfiguration;
			buildSettings = {
				CODE_SIGN_STYLE = Automatic;
				CURRENT_PROJECT_VERSION = 1;
				GENERATE_INFOPLIST_FILE = YES;
				MARKETING_VERSION = 1.0;
				PRODUCT_BUNDLE_IDENTIFIER = com.joeykim.sololevelerUITests;
				PRODUCT_NAME = "$(TARGET_NAME)";
				SWIFT_EMIT_LOC_STRINGS = NO;
				SWIFT_VERSION = 5.0;
				TEST_TARGET_NAME = sololeveler;
			};
			name = Debug;
		};
		67EE7C082E2B33BC00BAEA81 /* Release */ = {
			isa = XCBuildConfiguration;
			buildSettings = {
				CODE_SIGN_STYLE = Automatic;
				CURRENT_PROJECT_VERSION = 1;
				GENERATE_INFOPLIST_FILE = YES;
				MARKETING_VERSION = 1.0;
				PRODUCT_BUNDLE_IDENTIFIER = com.joeykim.sololevelerUITests;
				PRODUCT_NAME = "$(TARGET_NAME)";
				SWIFT_EMIT_LOC_STRINGS = NO;
				SWIFT_VERSION = 5.0;
				TEST_TARGET_NAME = sololeveler;
			};
			name = Release;
		};
/* End XCBuildConfiguration section */

/* Begin XCConfigurationList section */
		67EE7BD92E2B33BB00BAEA81 /* Build configuration list for PBXProject "sololeveler" */ = {
			isa = XCConfigurationList;
			buildConfigurations = (
				67EE7BFE2E2B33BC00BAEA81 /* Debug */,
				67EE7BFF2E2B33BC00BAEA81 /* Release */,
			);
			defaultConfigurationIsVisible = 0;
			defaultConfigurationName = Release;
		};
		67EE7C002E2B33BC00BAEA81 /* Build configuration list for PBXNativeTarget "sololeveler" */ = {
			isa = XCConfigurationList;
			buildConfigurations = (
				67EE7C012E2B33BC00BAEA81 /* Debug */,
				67EE7C022E2B33BC00BAEA81 /* Release */,
			);
			defaultConfigurationIsVisible = 0;
			defaultConfigurationName = Release;
		};
		67EE7C032E2B33BC00BAEA81 /* Build configuration list for PBXNativeTarget "sololevelerTests" */ = {
			isa = XCConfigurationList;
			buildConfigurations = (
				67EE7C042E2B33BC00BAEA81 /* Debug */,
				67EE7C052E2B33BC00BAEA81 /* Release */,
			);
			defaultConfigurationIsVisible = 0;
			defaultConfigurationName = Release;
		};
		67EE7C062E2B33BC00BAEA81 /* Build configuration list for PBXNativeTarget "sololevelerUITests" */ = {
			isa = XCConfigurationList;
			buildConfigurations = (
				67EE7C072E2B33BC00BAEA81 /* Debug */,
				67EE7C082E2B33BC00BAEA81 /* Release */,
			);
			defaultConfigurationIsVisible = 0;
			defaultConfigurationName = Release;
		};
/* End XCConfigurationList section */
	};
	rootObject = 67EE7BD62E2B33BB00BAEA81 /* Project object */;
}
